// !$*UTF8*$!
{
	archiveVersion = 1;
	classes = {
	};
	objectVersion = 77;
	objects = {

/* Begin PBXContainerItemProxy section */
		A0B872CF2D51674200D91BD2 /* PBXContainerItemProxy */ = {
			isa = PBXContainerItemProxy;
			containerPortal = A0B872B62D51674000D91BD2 /* Project object */;
			proxyType = 1;
			remoteGlobalIDString = A0B872BD2D51674000D91BD2;
			remoteInfo = Practical_work_4_;
		};
		A0B872D92D51674200D91BD2 /* PBXContainerItemProxy */ = {
			isa = PBXContainerItemProxy;
			containerPortal = A0B872B62D51674000D91BD2 /* Project object */;
			proxyType = 1;
			remoteGlobalIDString = A0B872BD2D51674000D91BD2;
			remoteInfo = Practical_work_4_;
		};
/* End PBXContainerItemProxy section */

/* Begin PBXFileReference section */
		A0B872BE2D51674000D91BD2 /* Practical_work_4_.app */ = {isa = PBXFileReference; explicitFileType = wrapper.application; includeInIndex = 0; path = Practical_work_4_.app; sourceTree = BUILT_PRODUCTS_DIR; };
		A0B872CE2D51674200D91BD2 /* Practical_work_4_Tests.xctest */ = {isa = PBXFileReference; explicitFileType = wrapper.cfbundle; includeInIndex = 0; path = Practical_work_4_Tests.xctest; sourceTree = BUILT_PRODUCTS_DIR; };
		A0B872D82D51674200D91BD2 /* Practical_work_4_UITests.xctest */ = {isa = PBXFileReference; explicitFileType = wrapper.cfbundle; includeInIndex = 0; path = Practical_work_4_UITests.xctest; sourceTree = BUILT_PRODUCTS_DIR; };
/* End PBXFileReference section */

/* Begin PBXFileSystemSynchronizedRootGroup section */
		A0B872C02D51674000D91BD2 /* Practical_work_4_ */ = {
			isa = PBXFileSystemSynchronizedRootGroup;
			path = Practical_work_4_;
			sourceTree = "<group>";
		};
		A0B872D12D51674200D91BD2 /* Practical_work_4_Tests */ = {
			isa = PBXFileSystemSynchronizedRootGroup;
			path = Practical_work_4_Tests;
			sourceTree = "<group>";
		};
		A0B872DB2D51674200D91BD2 /* Practical_work_4_UITests */ = {
			isa = PBXFileSystemSynchronizedRootGroup;
			path = Practical_work_4_UITests;
			sourceTree = "<group>";
		};
/* End PBXFileSystemSynchronizedRootGroup section */

/* Begin PBXFrameworksBuildPhase section */
		A0B872BB2D51674000D91BD2 /* Frameworks */ = {
			isa = PBXFrameworksBuildPhase;
			buildActionMask = 2147483647;
			files = (
			);
			runOnlyForDeploymentPostprocessing = 0;
		};
		A0B872CB2D51674200D91BD2 /* Frameworks */ = {
			isa = PBXFrameworksBuildPhase;
			buildActionMask = 2147483647;
			files = (
			);
			runOnlyForDeploymentPostprocessing = 0;
		};
		A0B872D52D51674200D91BD2 /* Frameworks */ = {
			isa = PBXFrameworksBuildPhase;
			buildActionMask = 2147483647;
			files = (
			);
			runOnlyForDeploymentPostprocessing = 0;
		};
/* End PBXFrameworksBuildPhase section */

/* Begin PBXGroup section */
		A0B872B52D51674000D91BD2 = {
			isa = PBXGroup;
			children = (
				A0B872C02D51674000D91BD2 /* Practical_work_4_ */,
				A0B872D12D51674200D91BD2 /* Practical_work_4_Tests */,
				A0B872DB2D51674200D91BD2 /* Practical_work_4_UITests */,
				A0B872BF2D51674000D91BD2 /* Products */,
			);
			sourceTree = "<group>";
		};
		A0B872BF2D51674000D91BD2 /* Products */ = {
			isa = PBXGroup;
			children = (
				A0B872BE2D51674000D91BD2 /* Practical_work_4_.app */,
				A0B872CE2D51674200D91BD2 /* Practical_work_4_Tests.xctest */,
				A0B872D82D51674200D91BD2 /* Practical_work_4_UITests.xctest */,
			);
			name = Products;
			sourceTree = "<group>";
		};
/* End PBXGroup section */

/* Begin PBXNativeTarget section */
		A0B872BD2D51674000D91BD2 /* Practical_work_4_ */ = {
			isa = PBXNativeTarget;
			buildConfigurationList = A0B872E22D51674200D91BD2 /* Build configuration list for PBXNativeTarget "Practical_work_4_" */;
			buildPhases = (
				A0B872BA2D51674000D91BD2 /* Sources */,
				A0B872BB2D51674000D91BD2 /* Frameworks */,
				A0B872BC2D51674000D91BD2 /* Resources */,
			);
			buildRules = (
			);
			dependencies = (
			);
			fileSystemSynchronizedGroups = (
				A0B872C02D51674000D91BD2 /* Practical_work_4_ */,
			);
			name = Practical_work_4_;
			packageProductDependencies = (
			);
			productName = Practical_work_4_;
			productReference = A0B872BE2D51674000D91BD2 /* Practical_work_4_.app */;
			productType = "com.apple.product-type.application";
		};
		A0B872CD2D51674200D91BD2 /* Practical_work_4_Tests */ = {
			isa = PBXNativeTarget;
			buildConfigurationList = A0B872E52D51674200D91BD2 /* Build configuration list for PBXNativeTarget "Practical_work_4_Tests" */;
			buildPhases = (
				A0B872CA2D51674200D91BD2 /* Sources */,
				A0B872CB2D51674200D91BD2 /* Frameworks */,
				A0B872CC2D51674200D91BD2 /* Resources */,
			);
			buildRules = (
			);
			dependencies = (
				A0B872D02D51674200D91BD2 /* PBXTargetDependency */,
			);
			fileSystemSynchronizedGroups = (
				A0B872D12D51674200D91BD2 /* Practical_work_4_Tests */,
			);
			name = Practical_work_4_Tests;
			packageProductDependencies = (
			);
			productName = Practical_work_4_Tests;
			productReference = A0B872CE2D51674200D91BD2 /* Practical_work_4_Tests.xctest */;
			productType = "com.apple.product-type.bundle.unit-test";
		};
		A0B872D72D51674200D91BD2 /* Practical_work_4_UITests */ = {
			isa = PBXNativeTarget;
			buildConfigurationList = A0B872E82D51674200D91BD2 /* Build configuration list for PBXNativeTarget "Practical_work_4_UITests" */;
			buildPhases = (
				A0B872D42D51674200D91BD2 /* Sources */,
				A0B872D52D51674200D91BD2 /* Frameworks */,
				A0B872D62D51674200D91BD2 /* Resources */,
			);
			buildRules = (
			);
			dependencies = (
				A0B872DA2D51674200D91BD2 /* PBXTargetDependency */,
			);
			fileSystemSynchronizedGroups = (
				A0B872DB2D51674200D91BD2 /* Practical_work_4_UITests */,
			);
			name = Practical_work_4_UITests;
			packageProductDependencies = (
			);
			productName = Practical_work_4_UITests;
			productReference = A0B872D82D51674200D91BD2 /* Practical_work_4_UITests.xctest */;
			productType = "com.apple.product-type.bundle.ui-testing";
		};
/* End PBXNativeTarget section */

/* Begin PBXProject section */
		A0B872B62D51674000D91BD2 /* Project object */ = {
			isa = PBXProject;
			attributes = {
				BuildIndependentTargetsInParallel = 1;
				LastSwiftUpdateCheck = 1610;
				LastUpgradeCheck = 1610;
				TargetAttributes = {
					A0B872BD2D51674000D91BD2 = {
						CreatedOnToolsVersion = 16.1;
					};
					A0B872CD2D51674200D91BD2 = {
						CreatedOnToolsVersion = 16.1;
						TestTargetID = A0B872BD2D51674000D91BD2;
					};
					A0B872D72D51674200D91BD2 = {
						CreatedOnToolsVersion = 16.1;
						TestTargetID = A0B872BD2D51674000D91BD2;
					};
				};
			};
			buildConfigurationList = A0B872B92D51674000D91BD2 /* Build configuration list for PBXProject "Practical_work_4_" */;
			developmentRegion = en;
			hasScannedForEncodings = 0;
			knownRegions = (
				en,
				Base,
			);
			mainGroup = A0B872B52D51674000D91BD2;
			minimizedProjectReferenceProxies = 1;
			preferredProjectObjectVersion = 77;
			productRefGroup = A0B872BF2D51674000D91BD2 /* Products */;
			projectDirPath = "";
			projectRoot = "";
			targets = (
				A0B872BD2D51674000D91BD2 /* Practical_work_4_ */,
				A0B872CD2D51674200D91BD2 /* Practical_work_4_Tests */,
				A0B872D72D51674200D91BD2 /* Practical_work_4_UITests */,
			);
		};
/* End PBXProject section */

/* Begin PBXResourcesBuildPhase section */
		A0B872BC2D51674000D91BD2 /* Resources */ = {
			isa = PBXResourcesBuildPhase;
			buildActionMask = 2147483647;
			files = (
			);
			runOnlyForDeploymentPostprocessing = 0;
		};
		A0B872CC2D51674200D91BD2 /* Resources */ = {
			isa = PBXResourcesBuildPhase;
			buildActionMask = 2147483647;
			files = (
			);
			runOnlyForDeploymentPostprocessing = 0;
		};
		A0B872D62D51674200D91BD2 /* Resources */ = {
			isa = PBXResourcesBuildPhase;
			buildActionMask = 2147483647;
			files = (
			);
			runOnlyForDeploymentPostprocessing = 0;
		};
/* End PBXResourcesBuildPhase section */

/* Begin PBXSourcesBuildPhase section */
		A0B872BA2D51674000D91BD2 /* Sources */ = {
			isa = PBXSourcesBuildPhase;
			buildActionMask = 2147483647;
			files = (
			);
			runOnlyForDeploymentPostprocessing = 0;
		};
		A0B872CA2D51674200D91BD2 /* Sources */ = {
			isa = PBXSourcesBuildPhase;
			buildActionMask = 2147483647;
			files = (
			);
			runOnlyForDeploymentPostprocessing = 0;
		};
		A0B872D42D51674200D91BD2 /* Sources */ = {
			isa = PBXSourcesBuildPhase;
			buildActionMask = 2147483647;
			files = (
			);
			runOnlyForDeploymentPostprocessing = 0;
		};
/* End PBXSourcesBuildPhase section */

/* Begin PBXTargetDependency section */
		A0B872D02D51674200D91BD2 /* PBXTargetDependency */ = {
			isa = PBXTargetDependency;
			target = A0B872BD2D51674000D91BD2 /* Practical_work_4_ */;
			targetProxy = A0B872CF2D51674200D91BD2 /* PBXContainerItemProxy */;
		};
		A0B872DA2D51674200D91BD2 /* PBXTargetDependency */ = {
			isa = PBXTargetDependency;
			target = A0B872BD2D51674000D91BD2 /* Practical_work_4_ */;
			targetProxy = A0B872D92D51674200D91BD2 /* PBXContainerItemProxy */;
		};
/* End PBXTargetDependency section */

/* Begin XCBuildConfiguration section */
		A0B872E02D51674200D91BD2 /* Debug */ = {
			isa = XCBuildConfiguration;
			buildSettings = {
				ALWAYS_SEARCH_USER_PATHS = NO;
				ASSETCATALOG_COMPILER_GENERATE_SWIFT_ASSET_SYMBOL_EXTENSIONS = YES;
				CLANG_ANALYZER_NONNULL = YES;
				CLANG_ANALYZER_NUMBER_OBJECT_CONVERSION = YES_AGGRESSIVE;
				CLANG_CXX_LANGUAGE_STANDARD = "gnu++20";
				CLANG_ENABLE_MODULES = YES;
				CLANG_ENABLE_OBJC_ARC = YES;
				CLANG_ENABLE_OBJC_WEAK = YES;
				CLANG_WARN_BLOCK_CAPTURE_AUTORELEASING = YES;
				CLANG_WARN_BOOL_CONVERSION = YES;
				CLANG_WARN_COMMA = YES;
				CLANG_WARN_CONSTANT_CONVERSION = YES;
				CLANG_WARN_DEPRECATED_OBJC_IMPLEMENTATIONS = YES;
				CLANG_WARN_DIRECT_OBJC_ISA_USAGE = YES_ERROR;
				CLANG_WARN_DOCUMENTATION_COMMENTS = YES;
				CLANG_WARN_EMPTY_BODY = YES;
				CLANG_WARN_ENUM_CONVERSION = YES;
				CLANG_WARN_INFINITE_RECURSION = YES;
				CLANG_WARN_INT_CONVERSION = YES;
				CLANG_WARN_NON_LITERAL_NULL_CONVERSION = YES;
				CLANG_WARN_OBJC_IMPLICIT_RETAIN_SELF = YES;
				CLANG_WARN_OBJC_LITERAL_CONVERSION = YES;
				CLANG_WARN_OBJC_ROOT_CLASS = YES_ERROR;
				CLANG_WARN_QUOTED_INCLUDE_IN_FRAMEWORK_HEADER = YES;
				CLANG_WARN_RANGE_LOOP_ANALYSIS = YES;
				CLANG_WARN_STRICT_PROTOTYPES = YES;
				CLANG_WARN_SUSPICIOUS_MOVE = YES;
				CLANG_WARN_UNGUARDED_AVAILABILITY = YES_AGGRESSIVE;
				CLANG_WARN_UNREACHABLE_CODE = YES;
				CLANG_WARN__DUPLICATE_METHOD_MATCH = YES;
				COPY_PHASE_STRIP = NO;
				DEBUG_INFORMATION_FORMAT = dwarf;
				ENABLE_STRICT_OBJC_MSGSEND = YES;
				ENABLE_TESTABILITY = YES;
				ENABLE_USER_SCRIPT_SANDBOXING = YES;
				GCC_C_LANGUAGE_STANDARD = gnu17;
				GCC_DYNAMIC_NO_PIC = NO;
				GCC_NO_COMMON_BLOCKS = YES;
				GCC_OPTIMIZATION_LEVEL = 0;
				GCC_PREPROCESSOR_DEFINITIONS = (
					"DEBUG=1",
					"$(inherited)",
				);
				GCC_WARN_64_TO_32_BIT_CONVERSION = YES;
				GCC_WARN_ABOUT_RETURN_TYPE = YES_ERROR;
				GCC_WARN_UNDECLARED_SELECTOR = YES;
				GCC_WARN_UNINITIALIZED_AUTOS = YES_AGGRESSIVE;
				GCC_WARN_UNUSED_FUNCTION = YES;
				GCC_WARN_UNUSED_VARIABLE = YES;
				IPHONEOS_DEPLOYMENT_TARGET = 18.1;
				LOCALIZATION_PREFERS_STRING_CATALOGS = YES;
				MTL_ENABLE_DEBUG_INFO = INCLUDE_SOURCE;
				MTL_FAST_MATH = YES;
				ONLY_ACTIVE_ARCH = YES;
				SDKROOT = iphoneos;
				SWIFT_ACTIVE_COMPILATION_CONDITIONS = "DEBUG $(inherited)";
				SWIFT_OPTIMIZATION_LEVEL = "-Onone";
			};
			name = Debug;
		};
		A0B872E12D51674200D91BD2 /* Release */ = {
			isa = XCBuildConfiguration;
			buildSettings = {
				ALWAYS_SEARCH_USER_PATHS = NO;
				ASSETCATALOG_COMPILER_GENERATE_SWIFT_ASSET_SYMBOL_EXTENSIONS = YES;
				CLANG_ANALYZER_NONNULL = YES;
				CLANG_ANALYZER_NUMBER_OBJECT_CONVERSION = YES_AGGRESSIVE;
				CLANG_CXX_LANGUAGE_STANDARD = "gnu++20";
				CLANG_ENABLE_MODULES = YES;
				CLANG_ENABLE_OBJC_ARC = YES;
				CLANG_ENABLE_OBJC_WEAK = YES;
				CLANG_WARN_BLOCK_CAPTURE_AUTORELEASING = YES;
				CLANG_WARN_BOOL_CONVERSION = YES;
				CLANG_WARN_COMMA = YES;
				CLANG_WARN_CONSTANT_CONVERSION = YES;
				CLANG_WARN_DEPRECATED_OBJC_IMPLEMENTATIONS = YES;
				CLANG_WARN_DIRECT_OBJC_ISA_USAGE = YES_ERROR;
				CLANG_WARN_DOCUMENTATION_COMMENTS = YES;
				CLANG_WARN_EMPTY_BODY = YES;
				CLANG_WARN_ENUM_CONVERSION = YES;
				CLANG_WARN_INFINITE_RECURSION = YES;
				CLANG_WARN_INT_CONVERSION = YES;
				CLANG_WARN_NON_LITERAL_NULL_CONVERSION = YES;
				CLANG_WARN_OBJC_IMPLICIT_RETAIN_SELF = YES;
				CLANG_WARN_OBJC_LITERAL_CONVERSION = YES;
				CLANG_WARN_OBJC_ROOT_CLASS = YES_ERROR;
				CLANG_WARN_QUOTED_INCLUDE_IN_FRAMEWORK_HEADER = YES;
				CLANG_WARN_RANGE_LOOP_ANALYSIS = YES;
				CLANG_WARN_STRICT_PROTOTYPES = YES;
				CLANG_WARN_SUSPICIOUS_MOVE = YES;
				CLANG_WARN_UNGUARDED_AVAILABILITY = YES_AGGRESSIVE;
				CLANG_WARN_UNREACHABLE_CODE = YES;
				CLANG_WARN__DUPLICATE_METHOD_MATCH = YES;
				COPY_PHASE_STRIP = NO;
				DEBUG_INFORMATION_FORMAT = "dwarf-with-dsym";
				ENABLE_NS_ASSERTIONS = NO;
				ENABLE_STRICT_OBJC_MSGSEND = YES;
				ENABLE_USER_SCRIPT_SANDBOXING = YES;
				GCC_C_LANGUAGE_STANDARD = gnu17;
				GCC_NO_COMMON_BLOCKS = YES;
				GCC_WARN_64_TO_32_BIT_CONVERSION = YES;
				GCC_WARN_ABOUT_RETURN_TYPE = YES_ERROR;
				GCC_WARN_UNDECLARED_SELECTOR = YES;
				GCC_WARN_UNINITIALIZED_AUTOS = YES_AGGRESSIVE;
				GCC_WARN_UNUSED_FUNCTION = YES;
				GCC_WARN_UNUSED_VARIABLE = YES;
				IPHONEOS_DEPLOYMENT_TARGET = 18.1;
				LOCALIZATION_PREFERS_STRING_CATALOGS = YES;
				MTL_ENABLE_DEBUG_INFO = NO;
				MTL_FAST_MATH = YES;
				SDKROOT = iphoneos;
				SWIFT_COMPILATION_MODE = wholemodule;
				VALIDATE_PRODUCT = YES;
			};
			name = Release;
		};
		A0B872E32D51674200D91BD2 /* Debug */ = {
			isa = XCBuildConfiguration;
			buildSettings = {
				ASSETCATALOG_COMPILER_APPICON_NAME = AppIcon;
				ASSETCATALOG_COMPILER_GLOBAL_ACCENT_COLOR_NAME = AccentColor;
				CODE_SIGN_STYLE = Automatic;
				CURRENT_PROJECT_VERSION = 1;
				DEVELOPMENT_ASSET_PATHS = "\"Practical_work_4_/Preview Content\"";
				ENABLE_PREVIEWS = YES;
				GENERATE_INFOPLIST_FILE = YES;
				INFOPLIST_KEY_UIApplicationSceneManifest_Generation = YES;
				INFOPLIST_KEY_UIApplicationSupportsIndirectInputEvents = YES;
				INFOPLIST_KEY_UILaunchScreen_Generation = YES;
				INFOPLIST_KEY_UISupportedInterfaceOrientations_iPad = "UIInterfaceOrientationPortrait UIInterfaceOrientationPortraitUpsideDown UIInterfaceOrientationLandscapeLeft UIInterfaceOrientationLandscapeRight";
				INFOPLIST_KEY_UISupportedInterfaceOrientations_iPhone = "UIInterfaceOrientationPortrait UIInterfaceOrientationLandscapeLeft UIInterfaceOrientationLandscapeRight";
				LD_RUNPATH_SEARCH_PATHS = (
					"$(inherited)",
					"@executable_path/Frameworks",
				);
				MARKETING_VERSION = 1.0;
				PRODUCT_BUNDLE_IDENTIFIER = "test.Practical-work-4-";
				PRODUCT_NAME = "$(TARGET_NAME)";
				SWIFT_EMIT_LOC_STRINGS = YES;
				SWIFT_VERSION = 5.0;
				TARGETED_DEVICE_FAMILY = "1,2";
			};
			name = Debug;
		};
		A0B872E42D51674200D91BD2 /* Release */ = {
			isa = XCBuildConfiguration;
			buildSettings = {
				ASSETCATALOG_COMPILER_APPICON_NAME = AppIcon;
				ASSETCATALOG_COMPILER_GLOBAL_ACCENT_COLOR_NAME = AccentColor;
				CODE_SIGN_STYLE = Automatic;
				CURRENT_PROJECT_VERSION = 1;
				DEVELOPMENT_ASSET_PATHS = "\"Practical_work_4_/Preview Content\"";
				ENABLE_PREVIEWS = YES;
				GENERATE_INFOPLIST_FILE = YES;
				INFOPLIST_KEY_UIApplicationSceneManifest_Generation = YES;
				INFOPLIST_KEY_UIApplicationSupportsIndirectInputEvents = YES;
				INFOPLIST_KEY_UILaunchScreen_Generation = YES;
				INFOPLIST_KEY_UISupportedInterfaceOrientations_iPad = "UIInterfaceOrientationPortrait UIInterfaceOrientationPortraitUpsideDown UIInterfaceOrientationLandscapeLeft UIInterfaceOrientationLandscapeRight";
				INFOPLIST_KEY_UISupportedInterfaceOrientations_iPhone = "UIInterfaceOrientationPortrait UIInterfaceOrientationLandscapeLeft UIInterfaceOrientationLandscapeRight";
				LD_RUNPATH_SEARCH_PATHS = (
					"$(inherited)",
					"@executable_path/Frameworks",
				);
				MARKETING_VERSION = 1.0;
				PRODUCT_BUNDLE_IDENTIFIER = "test.Practical-work-4-";
				PRODUCT_NAME = "$(TARGET_NAME)";
				SWIFT_EMIT_LOC_STRINGS = YES;
				SWIFT_VERSION = 5.0;
				TARGETED_DEVICE_FAMILY = "1,2";
			};
			name = Release;
		};
		A0B872E62D51674200D91BD2 /* Debug */ = {
			isa = XCBuildConfiguration;
			buildSettings = {
				BUNDLE_LOADER = "$(TEST_HOST)";
				CODE_SIGN_STYLE = Automatic;
				CURRENT_PROJECT_VERSION = 1;
				GENERATE_INFOPLIST_FILE = YES;
				IPHONEOS_DEPLOYMENT_TARGET = 18.1;
				MARKETING_VERSION = 1.0;
				PRODUCT_BUNDLE_IDENTIFIER = "test.Practical-work-4-Tests";
				PRODUCT_NAME = "$(TARGET_NAME)";
				SWIFT_EMIT_LOC_STRINGS = NO;
				SWIFT_VERSION = 5.0;
				TARGETED_DEVICE_FAMILY = "1,2";
				TEST_HOST = "$(BUILT_PRODUCTS_DIR)/Practical_work_4_.app/$(BUNDLE_EXECUTABLE_FOLDER_PATH)/Practical_work_4_";
			};
			name = Debug;
		};
		A0B872E72D51674200D91BD2 /* Release */ = {
			isa = XCBuildConfiguration;
			buildSettings = {
				BUNDLE_LOADER = "$(TEST_HOST)";
				CODE_SIGN_STYLE = Automatic;
				CURRENT_PROJECT_VERSION = 1;
				GENERATE_INFOPLIST_FILE = YES;
				IPHONEOS_DEPLOYMENT_TARGET = 18.1;
				MARKETING_VERSION = 1.0;
				PRODUCT_BUNDLE_IDENTIFIER = "test.Practical-work-4-Tests";
				PRODUCT_NAME = "$(TARGET_NAME)";
				SWIFT_EMIT_LOC_STRINGS = NO;
				SWIFT_VERSION = 5.0;
				TARGETED_DEVICE_FAMILY = "1,2";
				TEST_HOST = "$(BUILT_PRODUCTS_DIR)/Practical_work_4_.app/$(BUNDLE_EXECUTABLE_FOLDER_PATH)/Practical_work_4_";
			};
			name = Release;
		};
		A0B872E92D51674200D91BD2 /* Debug */ = {
			isa = XCBuildConfiguration;
			buildSettings = {
				CODE_SIGN_STYLE = Automatic;
				CURRENT_PROJECT_VERSION = 1;
				GENERATE_INFOPLIST_FILE = YES;
				MARKETING_VERSION = 1.0;
				PRODUCT_BUNDLE_IDENTIFIER = "test.Practical-work-4-UITests";
				PRODUCT_NAME = "$(TARGET_NAME)";
				SWIFT_EMIT_LOC_STRINGS = NO;
				SWIFT_VERSION = 5.0;
				TARGETED_DEVICE_FAMILY = "1,2";
				TEST_TARGET_NAME = Practical_work_4_;
			};
			name = Debug;
		};
		A0B872EA2D51674200D91BD2 /* Release */ = {
			isa = XCBuildConfiguration;
			buildSettings = {
				CODE_SIGN_STYLE = Automatic;
				CURRENT_PROJECT_VERSION = 1;
				GENERATE_INFOPLIST_FILE = YES;
				MARKETING_VERSION = 1.0;
				PRODUCT_BUNDLE_IDENTIFIER = "test.Practical-work-4-UITests";
				PRODUCT_NAME = "$(TARGET_NAME)";
				SWIFT_EMIT_LOC_STRINGS = NO;
				SWIFT_VERSION = 5.0;
				TARGETED_DEVICE_FAMILY = "1,2";
				TEST_TARGET_NAME = Practical_work_4_;
			};
			name = Release;
		};
/* End XCBuildConfiguration section */

/* Begin XCConfigurationList section */
		A0B872B92D51674000D91BD2 /* Build configuration list for PBXProject "Practical_work_4_" */ = {
			isa = XCConfigurationList;
			buildConfigurations = (
				A0B872E02D51674200D91BD2 /* Debug */,
				A0B872E12D51674200D91BD2 /* Release */,
			);
			defaultConfigurationIsVisible = 0;
			defaultConfigurationName = Release;
		};
		A0B872E22D51674200D91BD2 /* Build configuration list for PBXNativeTarget "Practical_work_4_" */ = {
			isa = XCConfigurationList;
			buildConfigurations = (
				A0B872E32D51674200D91BD2 /* Debug */,
				A0B872E42D51674200D91BD2 /* Release */,
			);
			defaultConfigurationIsVisible = 0;
			defaultConfigurationName = Release;
		};
		A0B872E52D51674200D91BD2 /* Build configuration list for PBXNativeTarget "Practical_work_4_Tests" */ = {
			isa = XCConfigurationList;
			buildConfigurations = (
				A0B872E62D51674200D91BD2 /* Debug */,
				A0B872E72D51674200D91BD2 /* Release */,
			);
			defaultConfigurationIsVisible = 0;
			defaultConfigurationName = Release;
		};
		A0B872E82D51674200D91BD2 /* Build configuration list for PBXNativeTarget "Practical_work_4_UITests" */ = {
			isa = XCConfigurationList;
			buildConfigurations = (
				A0B872E92D51674200D91BD2 /* Debug */,
				A0B872EA2D51674200D91BD2 /* Release */,
			);
			defaultConfigurationIsVisible = 0;
			defaultConfigurationName = Release;
		};
/* End XCConfigurationList section */
	};
	rootObject = A0B872B62D51674000D91BD2 /* Project object */;
}
